
Microsoft Visual Studio Solution File, Format Version 12.00
# Visual Studio 15
VisualStudioVersion = 15.0.28307.1321
MinimumVisualStudioVersion = 10.0.40219.1
Project("{FAE04EC0-301F-11D3-BF4B-00C04F79EFBC}") = "Notas", "Notas\Notas.csproj", "{0A6CC23F-A947-420C-8F46-B13BCABE2A41}"
	ProjectSection(ProjectDependencies) = postProject
		{C12AC08B-0FAB-46EF-B044-704562666582} = {C12AC08B-0FAB-46EF-B044-704562666582}
	EndProjectSection
EndProject
Project("{FAE04EC0-301F-11D3-BF4B-00C04F79EFBC}") = "WS_Notas_DB", "WS_Notas_DB\WS_Notas_DB.csproj", "{C12AC08B-0FAB-46EF-B044-704562666582}"
EndProject
Global
	GlobalSection(SolutionConfigurationPlatforms) = preSolution
		Debug|Any CPU = Debug|Any CPU
		Release|Any CPU = Release|Any CPU
	EndGlobalSection
	GlobalSection(ProjectConfigurationPlatforms) = postSolution
		{0A6CC23F-A947-420C-8F46-B13BCABE2A41}.Debug|Any CPU.ActiveCfg = Debug|Any CPU
		{0A6CC23F-A947-420C-8F46-B13BCABE2A41}.Debug|Any CPU.Build.0 = Debug|Any CPU
		{0A6CC23F-A947-420C-8F46-B13BCABE2A41}.Release|Any CPU.ActiveCfg = Release|Any CPU
		{0A6CC23F-A947-420C-8F46-B13BCABE2A41}.Release|Any CPU.Build.0 = Release|Any CPU
		{C12AC08B-0FAB-46EF-B044-704562666582}.Debug|Any CPU.ActiveCfg = Debug|Any CPU
		{C12AC08B-0FAB-46EF-B044-704562666582}.Debug|Any CPU.Build.0 = Debug|Any CPU
		{C12AC08B-0FAB-46EF-B044-704562666582}.Release|Any CPU.ActiveCfg = Release|Any CPU
		{C12AC08B-0FAB-46EF-B044-704562666582}.Release|Any CPU.Build.0 = Release|Any CPU
	EndGlobalSection
	GlobalSection(SolutionProperties) = preSolution
		HideSolutionNode = FALSE
	EndGlobalSection
	GlobalSection(ExtensibilityGlobals) = postSolution
		SolutionGuid = {48416648-AED5-41E6-90A2-2FF98C64125C}
	EndGlobalSection
EndGlobal
